
Microsoft Visual Studio Solution File, Format Version 12.00
# Visual Studio 15
VisualStudioVersion = 15.0.28307.645
MinimumVisualStudioVersion = 10.0.40219.1
Project("{FAE04EC0-301F-11D3-BF4B-00C04F79EFBC}") = "Task_Manager_API", "Task_Manager_API\Task_Manager_API.csproj", "{E6F52445-630E-45F8-B22D-EC3049120043}"
EndProject
Project("{FAE04EC0-301F-11D3-BF4B-00C04F79EFBC}") = "Task_Manager_Unit_Test", "..\Task_Manager_API\Task_Manager_Unit_Test\Task_Manager_Unit_Test.csproj", "{C6F0B708-9975-4A5D-894F-915F5CBA094F}"
EndProject
Global
	GlobalSection(SolutionConfigurationPlatforms) = preSolution
		Debug|Any CPU = Debug|Any CPU
		Release|Any CPU = Release|Any CPU
	EndGlobalSection
	GlobalSection(ProjectConfigurationPlatforms) = postSolution
		{E6F52445-630E-45F8-B22D-EC3049120043}.Debug|Any CPU.ActiveCfg = Debug|Any CPU
		{E6F52445-630E-45F8-B22D-EC3049120043}.Debug|Any CPU.Build.0 = Debug|Any CPU
		{E6F52445-630E-45F8-B22D-EC3049120043}.Release|Any CPU.ActiveCfg = Release|Any CPU
		{E6F52445-630E-45F8-B22D-EC3049120043}.Release|Any CPU.Build.0 = Release|Any CPU
		{C6F0B708-9975-4A5D-894F-915F5CBA094F}.Debug|Any CPU.ActiveCfg = Debug|Any CPU
		{C6F0B708-9975-4A5D-894F-915F5CBA094F}.Debug|Any CPU.Build.0 = Debug|Any CPU
		{C6F0B708-9975-4A5D-894F-915F5CBA094F}.Release|Any CPU.ActiveCfg = Release|Any CPU
		{C6F0B708-9975-4A5D-894F-915F5CBA094F}.Release|Any CPU.Build.0 = Release|Any CPU
	EndGlobalSection
	GlobalSection(SolutionProperties) = preSolution
		HideSolutionNode = FALSE
	EndGlobalSection
	GlobalSection(ExtensibilityGlobals) = postSolution
		SolutionGuid = {EFAF21A1-C7AB-432C-AF5E-6D79A8E572B6}
	EndGlobalSection
EndGlobal
